{
  "name": "test-node-npm-project",
  "lockfileVersion": 2,
  "requires": true,
  "packages": {
    "": {
      "name": "test-node-npm-project",
      "devDependencies": {
        "prettier": "2.7.0"
      }
    },
    "node_modules/prettier": {
      "version": "2.7.0",
      "resolved": "https://registry.npmjs.org/prettier/-/prettier-2.7.0.tgz",
      "integrity": "sha512-nwoX4GMFgxoPC6diHvSwmK/4yU8FFH3V8XWtLQrbj4IBsK2pkYhG4kf/ljF/haaZ/aii+wNJqISrCDPgxGWDVQ==",
      "dev": true,
      "bin": {
        "prettier": "bin-prettier.js"
      },
      "engines": {
        "node": ">=10.13.0"
      },
      "funding": {
        "url": "https://github.com/prettier/prettier?sponsor=1"
      }
    }
  },
  "dependencies": {
    "prettier": {
      "version": "2.7.0",
      "resolved": "https://registry.npmjs.org/prettier/-/prettier-2.7.0.tgz",
      "integrity": "sha512-nwoX4GMFgxoPC6diHvSwmK/4yU8FFH3V8XWtLQrbj4IBsK2pkYhG4kf/ljF/haaZ/aii+wNJqISrCDPgxGWDVQ==",
      "dev": true
    }
  }
}
