{
  "name": "1174",
  "lockfileVersion": 2,
  "requires": true,
  "packages": {
    "": {
      "name": "1174",
      "workspaces": [
        "base",
        "chat",
        "container"
      ]
    },
    "base": {
      "version": "1.0.0"
    },
    "chat": {
      "version": "1.0.0",
      "dependencies": {
        "typescript": "^5.2.2"
      },
      "peerDependencies": {
        "base": "^1.0.0",
        "container": "^1.0.0"
      }
    },
    "container": {
      "version": "1.0.0"
    },
    "node_modules/base": {
      "resolved": "base",
      "link": true
    },
    "node_modules/chat": {
      "resolved": "chat",
      "link": true
    },
    "node_modules/container": {
      "resolved": "container",
      "link": true
    },
    "node_modules/typescript": {
      "version": "5.2.2",
      "resolved": "https://registry.npmjs.org/typescript/-/typescript-5.2.2.tgz",
      "integrity": "sha512-mI4WrpHsbCIcwT9cF4FZvr80QUeKvsUsUvKDoR+X/7XHQH98xYD8YHZg7ANtz2GtZt/CBq2QJ0thkGJMHfqc1w==",
      "bin": {
        "tsc": "bin/tsc",
        "tsserver": "bin/tsserver"
      },
      "engines": {
        "node": ">=14.17"
      }
    }
  },
  "dependencies": {
    "base": {
      "version": "file:base"
    },
    "chat": {
      "version": "file:chat",
      "requires": {
        "typescript": "^5.2.2"
      }
    },
    "container": {
      "version": "file:container"
    },
    "typescript": {
      "version": "5.2.2",
      "resolved": "https://registry.npmjs.org/typescript/-/typescript-5.2.2.tgz",
      "integrity": "sha512-mI4WrpHsbCIcwT9cF4FZvr80QUeKvsUsUvKDoR+X/7XHQH98xYD8YHZg7ANtz2GtZt/CBq2QJ0thkGJMHfqc1w=="
    }
  }
}
