lockfileVersion: '6.0'

settings:
  autoInstallPeers: true
  excludeLinksFromLockfile: false

importers:

  .: {}

  base: {}

  chat:
    dependencies:
      typescript:
        specifier: ^5.2.2
        version: 5.2.2
    devDependencies:
      base:
        specifier: workspace:1.0.0
        version: link:../base
      container:
        specifier: workspace:1.0.0
        version: link:../container

  container: {}

packages:

  /typescript@5.2.2:
    resolution: {integrity: sha512-mI4WrpHsbCIcwT9cF4FZvr80QUeKvsUsUvKDoR+X/7XHQH98xYD8YHZg7ANtz2GtZt/CBq2QJ0thkGJMHfqc1w==}
    engines: {node: '>=14.17'}
    hasBin: true
    dev: false
