# This file is generated by running "yarn install" inside your project.
# Manual changes might be lost - proceed with caution!

__metadata:
  version: 4

"prettier@npm:*":
  version: 2.7.1
  resolution: "prettier@npm:2.7.1"
  bin:
    prettier: bin-prettier.js
  languageName: node
  linkType: hard

"test-node-yarn-yarn@workspace:yarn":
  version: 0.0.0-use.local
  resolution: "test-node-yarn-yarn@workspace:yarn"
  languageName: unknown
  linkType: soft

"test-node-yarn@workspace:.":
  version: 0.0.0-use.local
  resolution: "test-node-yarn@workspace:."
  dependencies:
    prettier: "*"
  languageName: unknown
  linkType: soft
