# This file is generated by running "yarn install" inside your project.
# Manual changes might be lost - proceed with caution!

__metadata:
  version: 4
  cacheKey: 8

"@babel/helper-module-imports@npm:7.16.0":
  version: 7.16.0
  resolution: "@babel/helper-module-imports@npm:7.16.0"
  dependencies:
    "@babel/types": ^7.16.0
  checksum: 8e1eb9ac39440e52080b87c78d8d318e7c93658bdd0f3ce0019c908de88cbddafdc241f392898c0b0ba81fc52c8c6d2f9cc1b163ac5ed2a474d49b11646b7516
  languageName: node
  linkType: hard

"@babel/helper-plugin-utils@npm:^7.18.6":
  version: 7.19.0
  resolution: "@babel/helper-plugin-utils@npm:7.19.0"
  checksum: eedc996c633c8c207921c26ec2989eae0976336ecd9b9f1ac526498f52b5d136f7cd03c32b6fdf8d46a426f907c142de28592f383c42e5fba1e904cbffa05345
  languageName: node
  linkType: hard

"@babel/helper-string-parser@npm:^7.18.10":
  version: 7.18.10
  resolution: "@babel/helper-string-parser@npm:7.18.10"
  checksum: d554a4393365b624916b5c00a4cc21c990c6617e7f3fe30be7d9731f107f12c33229a7a3db9d829bfa110d2eb9f04790745d421640e3bd245bb412dc0ea123c1
  languageName: node
  linkType: hard

"@babel/helper-validator-identifier@npm:^7.18.6":
  version: 7.19.1
  resolution: "@babel/helper-validator-identifier@npm:7.19.1"
  checksum: 0eca5e86a729162af569b46c6c41a63e18b43dbe09fda1d2a3c8924f7d617116af39cac5e4cd5d431bb760b4dca3c0970e0c444789b1db42bcf1fa41fbad0a3a
  languageName: node
  linkType: hard

"@babel/plugin-syntax-jsx@npm:^7.16.5":
  version: 7.18.6
  resolution: "@babel/plugin-syntax-jsx@npm:7.18.6"
  dependencies:
    "@babel/helper-plugin-utils": ^7.18.6
  peerDependencies:
    "@babel/core": ^7.0.0-0
  checksum: 6d37ea972970195f1ffe1a54745ce2ae456e0ac6145fae9aa1480f297248b262ea6ebb93010eddb86ebfacb94f57c05a1fc5d232b9a67325b09060299d515c67
  languageName: node
  linkType: hard

"@babel/types@npm:^7.16.0":
  version: 7.19.0
  resolution: "@babel/types@npm:7.19.0"
  dependencies:
    "@babel/helper-string-parser": ^7.18.10
    "@babel/helper-validator-identifier": ^7.18.6
    to-fast-properties: ^2.0.0
  checksum: 9b346715a68aeede70ba9c685a144b0b26c53bcd595d448e24c8fa8df4d5956a5712e56ebadb7c85dcc32f218ee42788e37b93d50d3295c992072224cb3ef3fe
  languageName: node
  linkType: hard

"babel-plugin-jsx-dom-expressions@npm:^0.34.10":
  version: 0.34.10
  resolution: "babel-plugin-jsx-dom-expressions@npm:0.34.10"
  dependencies:
    "@babel/helper-module-imports": 7.16.0
    "@babel/plugin-syntax-jsx": ^7.16.5
    "@babel/types": ^7.16.0
    html-entities: 2.3.2
  peerDependencies:
    "@babel/core": ^7.0.0
  checksum: ffc32943352cdaf3fe7fe05403906dfb00e3cb777b8660d72917f218b163ee8c99afbbde9717b9fe40b0cc3fa290eb559aed6e435790c4183779d420bf784f6f
  languageName: node
  linkType: hard

"babel-preset-solid@npm:1.5.6":
  version: 1.5.6
  resolution: "babel-preset-solid@npm:1.5.6"
  dependencies:
    babel-plugin-jsx-dom-expressions: ^0.34.10
  peerDependencies:
    "@babel/core": ^7.0.0
  checksum: 0f57ba18c00761b59d07dc8f08dc41fdbe84870635e7d220a5cab64662dc4d1399953f48268a231db4e5765a8247eb39040369a1e4b1f5156a6e8a04ede2a83b
  languageName: node
  linkType: hard

"csstype@npm:^3.1.0":
  version: 3.1.1
  resolution: "csstype@npm:3.1.1"
  checksum: 1f7b4f5fdd955b7444b18ebdddf3f5c699159f13e9cf8ac9027ae4a60ae226aef9bbb14a6e12ca7dba3358b007cee6354b116e720262867c398de6c955ea451d
  languageName: node
  linkType: hard

"html-entities@npm:2.3.2":
  version: 2.3.2
  resolution: "html-entities@npm:2.3.2"
  checksum: 522d8d202df301ff51b517a379e642023ed5c81ea9fb5674ffad88cff386165733d00b6089d5c2fcc644e44777d6072017b6216d8fa40f271d3610420d00a886
  languageName: node
  linkType: hard

"js-tokens@npm:^3.0.0 || ^4.0.0":
  version: 4.0.0
  resolution: "js-tokens@npm:4.0.0"
  checksum: 8a95213a5a77deb6cbe94d86340e8d9ace2b93bc367790b260101d2f36a2eaf4e4e22d9fa9cf459b38af3a32fb4190e638024cf82ec95ef708680e405ea7cc78
  languageName: node
  linkType: hard

"loose-envify@npm:^1.1.0":
  version: 1.4.0
  resolution: "loose-envify@npm:1.4.0"
  dependencies:
    js-tokens: ^3.0.0 || ^4.0.0
  bin:
    loose-envify: cli.js
  checksum: 6517e24e0cad87ec9888f500c5b5947032cdfe6ef65e1c1936a0c48a524b81e65542c9c3edc91c97d5bddc806ee2a985dbc79be89215d613b1de5db6d1cfe6f4
  languageName: node
  linkType: hard

"object-assign@npm:^4.1.1":
  version: 4.1.1
  resolution: "object-assign@npm:4.1.1"
  checksum: fcc6e4ea8c7fe48abfbb552578b1c53e0d194086e2e6bbbf59e0a536381a292f39943c6e9628af05b5528aa5e3318bb30d6b2e53cadaf5b8fe9e12c4b69af23f
  languageName: node
  linkType: hard

"prettier@npm:2.7.0":
  version: 2.7.0
  resolution: "prettier@npm:2.7.0"
  bin:
    prettier: bin-prettier.js
  checksum: 5b55bb1dced9d16635b83229df8e670d150890fdb343f19e8a66e610094a108e960c0f57352b3e5cdbc4eff4ef00a834406047ffcd9f20bd22a6497ba143c81f
  languageName: node
  linkType: hard

"react@npm:17.0.0":
  version: 17.0.0
  resolution: "react@npm:17.0.0"
  dependencies:
    loose-envify: ^1.1.0
    object-assign: ^4.1.1
  checksum: ae732f4568b05df138b75c6d67100deff231fc571bea67c73eae7ddf4e9812a372c808d6eaeda5edf8cb1a9d85eea059356e5681cfd9563b018199140b5ad4ab
  languageName: node
  linkType: hard

"solid-js@npm:1.5.6":
  version: 1.5.6
  resolution: "solid-js@npm:1.5.6"
  dependencies:
    csstype: ^3.1.0
  checksum: 73c07e717cb4f5e2926e4a73fb99c78d814ad13882b9e756334d4f33187d507aa88a04cad530e8d83bc22b2177b98d74e06bd92e92f487e28278ce50eb83b7dc
  languageName: node
  linkType: hard

"test-node-yarn-base@workspace:base":
  version: 0.0.0-use.local
  resolution: "test-node-yarn-base@workspace:base"
  dependencies:
    react: 17.0.0
  languageName: unknown
  linkType: soft

"test-node-yarn-other@workspace:other":
  version: 0.0.0-use.local
  resolution: "test-node-yarn-other@workspace:other"
  dependencies:
    babel-preset-solid: 1.5.6
    solid-js: 1.5.6
  languageName: unknown
  linkType: soft

"test-node-yarn@workspace:.":
  version: 0.0.0-use.local
  resolution: "test-node-yarn@workspace:."
  dependencies:
    prettier: 2.7.0
  languageName: unknown
  linkType: soft

"to-fast-properties@npm:^2.0.0":
  version: 2.0.0
  resolution: "to-fast-properties@npm:2.0.0"
  checksum: be2de62fe58ead94e3e592680052683b1ec986c72d589e7b21e5697f8744cdbf48c266fa72f6c15932894c10187b5f54573a3bcf7da0bfd964d5caf23d436168
  languageName: node
  linkType: hard
