lockfileVersion: 5.4

importers:

  .:
    specifiers:
      prettier: 2.7.0
    devDependencies:
      prettier: 2.7.0

  other:
    specifiers:
      babel-preset-solid: 1.5.6
      solid-js: 1.5.6
    dependencies:
      solid-js: 1.5.6
    devDependencies:
      babel-preset-solid: 1.5.6

  pnpm:
    specifiers:
      react: 17.0.0
    dependencies:
      react: 17.0.0

packages:

  /@babel/helper-module-imports/7.16.0:
    resolution: {integrity: sha512-kkH7sWzKPq0xt3H1n+ghb4xEMP8k0U7XV3kkB+ZGy69kDk2ySFW1qPi06sjKzFY3t1j6XbJSqr4mF9L7CYVyhg==}
    engines: {node: '>=6.9.0'}
    dependencies:
      '@babel/types': 7.19.0
    dev: true

  /@babel/helper-plugin-utils/7.19.0:
    resolution: {integrity: sha512-40Ryx7I8mT+0gaNxm8JGTZFUITNqdLAgdg0hXzeVZxVD6nFsdhQvip6v8dqkRHzsz1VFpFAaOCHNn0vKBL7Czw==}
    engines: {node: '>=6.9.0'}
    dev: true

  /@babel/helper-string-parser/7.18.10:
    resolution: {integrity: sha512-XtIfWmeNY3i4t7t4D2t02q50HvqHybPqW2ki1kosnvWCwuCMeo81Jf0gwr85jy/neUdg5XDdeFE/80DXiO+njw==}
    engines: {node: '>=6.9.0'}
    dev: true

  /@babel/helper-validator-identifier/7.19.1:
    resolution: {integrity: sha512-awrNfaMtnHUr653GgGEs++LlAvW6w+DcPrOliSMXWCKo597CwL5Acf/wWdNkf/tfEQE3mjkeD1YOVZOUV/od1w==}
    engines: {node: '>=6.9.0'}
    dev: true

  /@babel/plugin-syntax-jsx/7.18.6:
    resolution: {integrity: sha512-6mmljtAedFGTWu2p/8WIORGwy+61PLgOMPOdazc7YoJ9ZCWUyFy3A6CpPkRKLKD1ToAesxX8KGEViAiLo9N+7Q==}
    engines: {node: '>=6.9.0'}
    peerDependencies:
      '@babel/core': ^7.0.0-0
    dependencies:
      '@babel/helper-plugin-utils': 7.19.0
    dev: true

  /@babel/types/7.19.0:
    resolution: {integrity: sha512-YuGopBq3ke25BVSiS6fgF49Ul9gH1x70Bcr6bqRLjWCkcX8Hre1/5+z+IiWOIerRMSSEfGZVB9z9kyq7wVs9YA==}
    engines: {node: '>=6.9.0'}
    dependencies:
      '@babel/helper-string-parser': 7.18.10
      '@babel/helper-validator-identifier': 7.19.1
      to-fast-properties: 2.0.0
    dev: true

  /babel-plugin-jsx-dom-expressions/0.34.10:
    resolution: {integrity: sha512-YTuTvhpGWuD67JTgb/oFDkQMEzsAG7GKBSl+WNTMkmD9tUBkDNZoKijsDRA2R+zV2VJz2aPaXu3gwPkIIbhMtg==}
    peerDependencies:
      '@babel/core': ^7.0.0
    dependencies:
      '@babel/helper-module-imports': 7.16.0
      '@babel/plugin-syntax-jsx': 7.18.6
      '@babel/types': 7.19.0
      html-entities: 2.3.2
    dev: true

  /babel-preset-solid/1.5.6:
    resolution: {integrity: sha512-DETqhEygtRq627y5jII5szev495CvbPZJDTaosCbRWdbBh7nMBPI9JuVBUdWs56M2D4mqYa6Z2vH4mdIS6srwA==}
    peerDependencies:
      '@babel/core': ^7.0.0
    dependencies:
      babel-plugin-jsx-dom-expressions: 0.34.10
    dev: true

  /csstype/3.1.1:
    resolution: {integrity: sha512-DJR/VvkAvSZW9bTouZue2sSxDwdTN92uHjqeKVm+0dAqdfNykRzQ95tay8aXMBAAPpUiq4Qcug2L7neoRh2Egw==}
    dev: false

  /html-entities/2.3.2:
    resolution: {integrity: sha512-c3Ab/url5ksaT0WyleslpBEthOzWhrjQbg75y7XUsfSzi3Dgzt0l8w5e7DylRn15MTlMMD58dTfzddNS2kcAjQ==}
    dev: true

  /js-tokens/4.0.0:
    resolution: {integrity: sha512-RdJUflcE3cUzKiMqQgsCu06FPu9UdIJO0beYbPhHN4k6apgJtifcoCtT9bcxOpYBtpD2kCM6Sbzg4CausW/PKQ==}
    dev: false

  /loose-envify/1.4.0:
    resolution: {integrity: sha512-lyuxPGr/Wfhrlem2CL/UcnUc1zcqKAImBDzukY7Y5F/yQiNdko6+fRLevlw1HgMySw7f611UIY408EtxRSoK3Q==}
    hasBin: true
    dependencies:
      js-tokens: 4.0.0
    dev: false

  /object-assign/4.1.1:
    resolution: {integrity: sha512-rJgTQnkUnH1sFw8yT6VSU3zD3sWmu6sZhIseY8VX+GRu3P6F7Fu+JNDoXfklElbLJSnc3FUQHVe4cU5hj+BcUg==}
    engines: {node: '>=0.10.0'}
    dev: false

  /prettier/2.7.0:
    resolution: {integrity: sha512-nwoX4GMFgxoPC6diHvSwmK/4yU8FFH3V8XWtLQrbj4IBsK2pkYhG4kf/ljF/haaZ/aii+wNJqISrCDPgxGWDVQ==}
    engines: {node: '>=10.13.0'}
    hasBin: true
    dev: true

  /react/17.0.0:
    resolution: {integrity: sha512-rG9bqS3LMuetoSUKHN8G3fMNuQOePKDThK6+2yXFWtoeTDLVNh/QCaxT+Jr+rNf4lwNXpx+atdn3Aa0oi8/6eQ==}
    engines: {node: '>=0.10.0'}
    dependencies:
      loose-envify: 1.4.0
      object-assign: 4.1.1
    dev: false

  /solid-js/1.5.6:
    resolution: {integrity: sha512-EA7hjMIEdDUuV6Fk3WUQ2fPx7sRnhjl+3M59zj6Sh+c7c3JF3N1cSViBvX8MYJG9vEBEqKQBZUfKHPe/9JgKvQ==}
    dependencies:
      csstype: 3.1.1
    dev: false

  /to-fast-properties/2.0.0:
    resolution: {integrity: sha512-/OaKK0xYrs3DmxRYqL/yDc+FxFUVYhDlXMhRmv3z915w2HF1tnN1omB354j8VUGO/hbRzyD6Y3sA7v7GS/ceog==}
    engines: {node: '>=4'}
    dev: true
