lockfileVersion: 5.4

importers:

  .:
    specifiers:
      prettier: '*'
    devDependencies:
      prettier: 2.7.1

  pnpm:
    specifiers: {}

packages:

  /prettier/2.7.1:
    resolution: {integrity: sha512-ujppO+MkdPqoVINuDFDRLClm7D78qbDt0/NR+wp5FqEZOoTNAjPHWj17QRhu7geIHJfcNhRk1XVQmF8Bp3ye+g==}
    engines: {node: '>=10.13.0'}
    hasBin: true
    dev: true
