# This file is generated by running "yarn install" inside your project.
# Manual changes might be lost - proceed with caution!

__metadata:
  version: 4

"test-node-yarn-not-in-workspace@workspace:.":
  version: 0.0.0-use.local
  resolution: "test-node-yarn-not-in-workspace@workspace:."
  dependencies:
    typescript: 4.8.4
  languageName: unknown
  linkType: soft

typescript@4.8.4:
  version: 4.8.4
  resolution: "typescript@npm:4.8.4"
  bin:
    tsc: bin/tsc
    tsserver: bin/tsserver
  languageName: node
  linkType: hard

"typescript@patch:typescript@4.8.4#~builtin<compat/typescript>":
  version: 4.8.4
  resolution: "typescript@patch:typescript@npm%3A4.8.4#~builtin<compat/typescript>::version=4.8.4&hash=d8b4e7"
  bin:
    tsc: bin/tsc
    tsserver: bin/tsserver
  languageName: node
  linkType: hard
