# THIS IS AN AUTOGENERATED FILE. DO NOT EDIT THIS FILE DIRECTLY.
# yarn lockfile v1


prettier@2.7.0:
  version "2.7.0"
  resolved "https://registry.yarnpkg.com/prettier/-/prettier-2.7.0.tgz#a4fdae07e5596c51c9857ea676cd41a0163879d6"
  integrity sha512-nwoX4GMFgxoPC6diHvSwmK/4yU8FFH3V8XWtLQrbj4IBsK2pkYhG4kf/ljF/haaZ/aii+wNJqISrCDPgxGWDVQ==
