{
  "name": "root",
  "lockfileVersion": 2,
  "requires": true,
  "packages": {
    "": {
      "name": "root",
      "workspaces": [
        "project"
      ]
    },
    "node_modules/project": {
      "resolved": "project",
      "link": true
    },
    "project": {}
  },
  "dependencies": {
    "project": {
      "version": "file:project"
    }
  }
}
