{
  "name": "test-node-npm",
  "lockfileVersion": 2,
  "requires": true,
  "packages": {
    "": {
      "name": "test-node-npm",
      "workspaces": [
        "npm"
      ],
      "devDependencies": {
        "prettier": "2.7.0"
      }
    },
    "node_modules/prettier": {
      "version": "2.7.0",
      "resolved": "https://registry.npmjs.org/prettier/-/prettier-2.7.0.tgz",
      "integrity": "sha512-nwoX4GMFgxoPC6diHvSwmK/4yU8FFH3V8XWtLQrbj4IBsK2pkYhG4kf/ljF/haaZ/aii+wNJqISrCDPgxGWDVQ==",
      "dev": true,
      "license": "MIT",
      "bin": {
        "prettier": "bin-prettier.js"
      },
      "engines": {
        "node": ">=10.13.0"
      },
      "funding": {
        "url": "https://github.com/prettier/prettier?sponsor=1"
      }
    },
    "node_modules/test-node-npm-npm": {
      "resolved": "npm",
      "link": true
    },
    "npm": {
      "name": "test-node-npm-npm",
      "version": "1.0.0"
    }
  },
  "dependencies": {
    "prettier": {
      "version": "2.7.0",
      "resolved": "https://registry.npmjs.org/prettier/-/prettier-2.7.0.tgz",
      "integrity": "sha512-nwoX4GMFgxoPC6diHvSwmK/4yU8FFH3V8XWtLQrbj4IBsK2pkYhG4kf/ljF/haaZ/aii+wNJqISrCDPgxGWDVQ==",
      "dev": true
    },
    "test-node-npm-npm": {
      "version": "file:npm"
    }
  }
}
